// !$*UTF8*$!
{
	archiveVersion = 1;
	classes = {
	};
	objectVersion = 56;
	objects = {

/* Begin PBXBuildFile section */
		18EB1EBB0FC585ADFF0E8F04 /* Pods_ChargeFlixTests.framework in Frameworks */ = {isa = PBXBuildFile; fileRef = 15B6D2EECAF9E54277611149 /* Pods_ChargeFlixTests.framework */; };
		50A19EB71834DE4E7FC2E0E4 /* Pods_ChargeFlix.framework in Frameworks */ = {isa = PBXBuildFile; fileRef = F734CCC185738701D7106F9A /* Pods_ChargeFlix.framework */; };
		80ED5BB4DCB460E97CE981C0 /* Pods_ChargeFlix_ChargeFlixUITests.framework in Frameworks */ = {isa = PBXBuildFile; fileRef = 707A3F95D6935270F34F661D /* Pods_ChargeFlix_ChargeFlixUITests.framework */; };
		E8321BCD2AE119B7003D2696 /* Constants.swift in Sources */ = {isa = PBXBuildFile; fileRef = E8321BCC2AE119B7003D2696 /* Constants.swift */; };
		E8321BD12AE119E6003D2696 /* TVShowAPIEndPoints.swift in Sources */ = {isa = PBXBuildFile; fileRef = E8321BD02AE119E6003D2696 /* TVShowAPIEndPoints.swift */; };
		E8321BD32AE11A08003D2696 /* CastAPIEnpoints.swift in Sources */ = {isa = PBXBuildFile; fileRef = E8321BD22AE11A08003D2696 /* CastAPIEnpoints.swift */; };
		E845D2F22AE8FEE500C83955 /* HomePresenter.swift in Sources */ = {isa = PBXBuildFile; fileRef = E845D2F12AE8FEE500C83955 /* HomePresenter.swift */; };
		E845D2F42AE8FEED00C83955 /* HomeRouter.swift in Sources */ = {isa = PBXBuildFile; fileRef = E845D2F32AE8FEED00C83955 /* HomeRouter.swift */; };
		E845D2F62AE8FEF800C83955 /* HomeInteractor.swift in Sources */ = {isa = PBXBuildFile; fileRef = E845D2F52AE8FEF800C83955 /* HomeInteractor.swift */; };
		E845D2F82AE8FF0A00C83955 /* HomeEntity.swift in Sources */ = {isa = PBXBuildFile; fileRef = E845D2F72AE8FF0A00C83955 /* HomeEntity.swift */; };
		E845D2FC2AE8FF2200C83955 /* MoviePresenter.swift in Sources */ = {isa = PBXBuildFile; fileRef = E845D2FB2AE8FF2200C83955 /* MoviePresenter.swift */; };
		E845D2FE2AE8FF2C00C83955 /* MovieInteractor.swift in Sources */ = {isa = PBXBuildFile; fileRef = E845D2FD2AE8FF2C00C83955 /* MovieInteractor.swift */; };
		E845D3002AE8FF3800C83955 /* MovieEntity.swift in Sources */ = {isa = PBXBuildFile; fileRef = E845D2FF2AE8FF3800C83955 /* MovieEntity.swift */; };
		E845D3022AE8FF4100C83955 /* MovieRouter.swift in Sources */ = {isa = PBXBuildFile; fileRef = E845D3012AE8FF4100C83955 /* MovieRouter.swift */; };
		E845D3042AE8FF5900C83955 /* TVShowRouter.swift in Sources */ = {isa = PBXBuildFile; fileRef = E845D3032AE8FF5900C83955 /* TVShowRouter.swift */; };
		E845D3082AE8FF8100C83955 /* TVShowInteractor.swift in Sources */ = {isa = PBXBuildFile; fileRef = E845D3072AE8FF8100C83955 /* TVShowInteractor.swift */; };
		E845D30A2AE8FF9000C83955 /* TVShowPresenter.swift in Sources */ = {isa = PBXBuildFile; fileRef = E845D3092AE8FF9000C83955 /* TVShowPresenter.swift */; };
		E845D30E2AE8FFC800C83955 /* HomeViewController.swift in Sources */ = {isa = PBXBuildFile; fileRef = E845D30D2AE8FFC800C83955 /* HomeViewController.swift */; };
		E845D3102AE8FFDE00C83955 /* MovieViewController.swift in Sources */ = {isa = PBXBuildFile; fileRef = E845D30F2AE8FFDE00C83955 /* MovieViewController.swift */; };
		E845D3122AE8FFF200C83955 /* TVShowViewController.swift in Sources */ = {isa = PBXBuildFile; fileRef = E845D3112AE8FFF200C83955 /* TVShowViewController.swift */; };
		E845D3142AE9000A00C83955 /* TVShowEntity.swift in Sources */ = {isa = PBXBuildFile; fileRef = E845D3132AE9000A00C83955 /* TVShowEntity.swift */; };
		E845D3192AE9061D00C83955 /* AppTheme.swift in Sources */ = {isa = PBXBuildFile; fileRef = E845D3182AE9061D00C83955 /* AppTheme.swift */; };
		E845D31B2AE9157D00C83955 /* HomeProtocols.swift in Sources */ = {isa = PBXBuildFile; fileRef = E845D31A2AE9157D00C83955 /* HomeProtocols.swift */; };
		E845D31D2AE915C600C83955 /* MovieProtocols.swift in Sources */ = {isa = PBXBuildFile; fileRef = E845D31C2AE915C600C83955 /* MovieProtocols.swift */; };
		E845D31F2AE919E600C83955 /* TVShowProtocols.swift in Sources */ = {isa = PBXBuildFile; fileRef = E845D31E2AE919E600C83955 /* TVShowProtocols.swift */; };
		E845D3212AE91D4B00C83955 /* UIViewControllerExtesion.swift in Sources */ = {isa = PBXBuildFile; fileRef = E845D3202AE91D4B00C83955 /* UIViewControllerExtesion.swift */; };
		E845D3232AE91D9400C83955 /* UILabelExtension.swift in Sources */ = {isa = PBXBuildFile; fileRef = E845D3222AE91D9400C83955 /* UILabelExtension.swift */; };
		E854BDD22AEBCF4E0075E5CD /* GenreCollectionCell.swift in Sources */ = {isa = PBXBuildFile; fileRef = E854BDD12AEBCF4E0075E5CD /* GenreCollectionCell.swift */; };
		E86BD3A62AE286E70006EFB8 /* MovieRepository.swift in Sources */ = {isa = PBXBuildFile; fileRef = E86BD3A52AE286E70006EFB8 /* MovieRepository.swift */; };
		E86BD3A82AE28D800006EFB8 /* TVShowRepository.swift in Sources */ = {isa = PBXBuildFile; fileRef = E86BD3A72AE28D800006EFB8 /* TVShowRepository.swift */; };
		E86BD3AA2AE28DEA0006EFB8 /* CastRepository.swift in Sources */ = {isa = PBXBuildFile; fileRef = E86BD3A92AE28DEA0006EFB8 /* CastRepository.swift */; };
		E87EAB562AE23454006A343A /* Models.swift in Sources */ = {isa = PBXBuildFile; fileRef = E87EAB552AE23454006A343A /* Models.swift */; };
		E87EAB582AE25767006A343A /* UIImageExtesntions.swift in Sources */ = {isa = PBXBuildFile; fileRef = E87EAB572AE25767006A343A /* UIImageExtesntions.swift */; };
		E87EAB5A2AE2580B006A343A /* Repository.swift in Sources */ = {isa = PBXBuildFile; fileRef = E87EAB592AE2580B006A343A /* Repository.swift */; };
		E87EAB5C2AE25DD8006A343A /* MovieAPIEndPoints.swift in Sources */ = {isa = PBXBuildFile; fileRef = E87EAB5B2AE25DD8006A343A /* MovieAPIEndPoints.swift */; };
		E8A9C2A02AE0033D00BD263A /* AppDelegate.swift in Sources */ = {isa = PBXBuildFile; fileRef = E8A9C29F2AE0033D00BD263A /* AppDelegate.swift */; };
		E8A9C2A22AE0033D00BD263A /* SceneDelegate.swift in Sources */ = {isa = PBXBuildFile; fileRef = E8A9C2A12AE0033D00BD263A /* SceneDelegate.swift */; };
		E8A9C2A72AE0033D00BD263A /* Main.storyboard in Resources */ = {isa = PBXBuildFile; fileRef = E8A9C2A52AE0033D00BD263A /* Main.storyboard */; };
		E8A9C2AA2AE0033D00BD263A /* ChargeFlix.xcdatamodeld in Sources */ = {isa = PBXBuildFile; fileRef = E8A9C2A82AE0033D00BD263A /* ChargeFlix.xcdatamodeld */; };
		E8A9C2AC2AE0033D00BD263A /* Assets.xcassets in Resources */ = {isa = PBXBuildFile; fileRef = E8A9C2AB2AE0033D00BD263A /* Assets.xcassets */; };
		E8A9C2AF2AE0033D00BD263A /* LaunchScreen.storyboard in Resources */ = {isa = PBXBuildFile; fileRef = E8A9C2AD2AE0033D00BD263A /* LaunchScreen.storyboard */; };
		E8A9C2BA2AE0033E00BD263A /* ChargeFlixTests.swift in Sources */ = {isa = PBXBuildFile; fileRef = E8A9C2B92AE0033E00BD263A /* ChargeFlixTests.swift */; };
		E8A9C2C42AE0033E00BD263A /* ChargeFlixUITests.swift in Sources */ = {isa = PBXBuildFile; fileRef = E8A9C2C32AE0033E00BD263A /* ChargeFlixUITests.swift */; };
		E8A9C2C62AE0033E00BD263A /* ChargeFlixUITestsLaunchTests.swift in Sources */ = {isa = PBXBuildFile; fileRef = E8A9C2C52AE0033E00BD263A /* ChargeFlixUITestsLaunchTests.swift */; };
		E8B399AB2AE113FB005B0A77 /* APIManager.swift in Sources */ = {isa = PBXBuildFile; fileRef = E8B399AA2AE113FB005B0A77 /* APIManager.swift */; };
		E8B399AD2AE11445005B0A77 /* ApiEndPoints.swift in Sources */ = {isa = PBXBuildFile; fileRef = E8B399AC2AE11445005B0A77 /* ApiEndPoints.swift */; };
		E8E331482AE8E4CC00EE92A2 /* ChargeFlixTabBarController.swift in Sources */ = {isa = PBXBuildFile; fileRef = E8E331472AE8E4CC00EE92A2 /* ChargeFlixTabBarController.swift */; };
		E8F3B3672AEFCC7500943C3E /* NewCollectionView.swift in Sources */ = {isa = PBXBuildFile; fileRef = E8F3B3662AEFCC7500943C3E /* NewCollectionView.swift */; };
		E8F879B82AEA2B5E00CC0AD1 /* TableHeaderView.swift in Sources */ = {isa = PBXBuildFile; fileRef = E8F879B72AEA2B5E00CC0AD1 /* TableHeaderView.swift */; };
		E8F879C12AEA490D00CC0AD1 /* CollectionViewCell.swift in Sources */ = {isa = PBXBuildFile; fileRef = E8F879C02AEA490D00CC0AD1 /* CollectionViewCell.swift */; };
		E8F879C32AEA6F2E00CC0AD1 /* MovieTableViewCell.swift in Sources */ = {isa = PBXBuildFile; fileRef = E8F879C22AEA6F2E00CC0AD1 /* MovieTableViewCell.swift */; };
		E8F879C92AEA741500CC0AD1 /* CollectionView.swift in Sources */ = {isa = PBXBuildFile; fileRef = E8F879C82AEA741500CC0AD1 /* CollectionView.swift */; };
		E8F879CD2AEA953000CC0AD1 /* TableSectionHeaderView.swift in Sources */ = {isa = PBXBuildFile; fileRef = E8F879CC2AEA953000CC0AD1 /* TableSectionHeaderView.swift */; };
		E8F879CF2AEA95E900CC0AD1 /* UIButtonExtension.swift in Sources */ = {isa = PBXBuildFile; fileRef = E8F879CE2AEA95E900CC0AD1 /* UIButtonExtension.swift */; };
/* End PBXBuildFile section */

/* Begin PBXContainerItemProxy section */
		E8A9C2B62AE0033E00BD263A /* PBXContainerItemProxy */ = {
			isa = PBXContainerItemProxy;
			containerPortal = E8A9C2942AE0033D00BD263A /* Project object */;
			proxyType = 1;
			remoteGlobalIDString = E8A9C29B2AE0033D00BD263A;
			remoteInfo = ChargeFlix;
		};
		E8A9C2C02AE0033E00BD263A /* PBXContainerItemProxy */ = {
			isa = PBXContainerItemProxy;
			containerPortal = E8A9C2942AE0033D00BD263A /* Project object */;
			proxyType = 1;
			remoteGlobalIDString = E8A9C29B2AE0033D00BD263A;
			remoteInfo = ChargeFlix;
		};
/* End PBXContainerItemProxy section */

/* Begin PBXFileReference section */
		05D0728B9574DF72B55BCA14 /* Pods-ChargeFlix.debug.xcconfig */ = {isa = PBXFileReference; includeInIndex = 1; lastKnownFileType = text.xcconfig; name = "Pods-ChargeFlix.debug.xcconfig"; path = "Target Support Files/Pods-ChargeFlix/Pods-ChargeFlix.debug.xcconfig"; sourceTree = "<group>"; };
		15B6D2EECAF9E54277611149 /* Pods_ChargeFlixTests.framework */ = {isa = PBXFileReference; explicitFileType = wrapper.framework; includeInIndex = 0; path = Pods_ChargeFlixTests.framework; sourceTree = BUILT_PRODUCTS_DIR; };
		2D34B155EDCE3FD0B50B442F /* Pods-ChargeFlix-ChargeFlixUITests.debug.xcconfig */ = {isa = PBXFileReference; includeInIndex = 1; lastKnownFileType = text.xcconfig; name = "Pods-ChargeFlix-ChargeFlixUITests.debug.xcconfig"; path = "Target Support Files/Pods-ChargeFlix-ChargeFlixUITests/Pods-ChargeFlix-ChargeFlixUITests.debug.xcconfig"; sourceTree = "<group>"; };
		5E988F561A3BDCCCAFB32AA4 /* Pods-ChargeFlixTests.debug.xcconfig */ = {isa = PBXFileReference; includeInIndex = 1; lastKnownFileType = text.xcconfig; name = "Pods-ChargeFlixTests.debug.xcconfig"; path = "Target Support Files/Pods-ChargeFlixTests/Pods-ChargeFlixTests.debug.xcconfig"; sourceTree = "<group>"; };
		707A3F95D6935270F34F661D /* Pods_ChargeFlix_ChargeFlixUITests.framework */ = {isa = PBXFileReference; explicitFileType = wrapper.framework; includeInIndex = 0; path = Pods_ChargeFlix_ChargeFlixUITests.framework; sourceTree = BUILT_PRODUCTS_DIR; };
		A7CBC22F2283A9E03C652804 /* Pods-ChargeFlix.release.xcconfig */ = {isa = PBXFileReference; includeInIndex = 1; lastKnownFileType = text.xcconfig; name = "Pods-ChargeFlix.release.xcconfig"; path = "Target Support Files/Pods-ChargeFlix/Pods-ChargeFlix.release.xcconfig"; sourceTree = "<group>"; };
		B3EA8E203B7262AD1AC767D4 /* Pods-ChargeFlix-ChargeFlixUITests.release.xcconfig */ = {isa = PBXFileReference; includeInIndex = 1; lastKnownFileType = text.xcconfig; name = "Pods-ChargeFlix-ChargeFlixUITests.release.xcconfig"; path = "Target Support Files/Pods-ChargeFlix-ChargeFlixUITests/Pods-ChargeFlix-ChargeFlixUITests.release.xcconfig"; sourceTree = "<group>"; };
		E8321BCC2AE119B7003D2696 /* Constants.swift */ = {isa = PBXFileReference; lastKnownFileType = sourcecode.swift; path = Constants.swift; sourceTree = "<group>"; };
		E8321BD02AE119E6003D2696 /* TVShowAPIEndPoints.swift */ = {isa = PBXFileReference; lastKnownFileType = sourcecode.swift; path = TVShowAPIEndPoints.swift; sourceTree = "<group>"; };
		E8321BD22AE11A08003D2696 /* CastAPIEnpoints.swift */ = {isa = PBXFileReference; lastKnownFileType = sourcecode.swift; path = CastAPIEnpoints.swift; sourceTree = "<group>"; };
		E845D2F12AE8FEE500C83955 /* HomePresenter.swift */ = {isa = PBXFileReference; lastKnownFileType = sourcecode.swift; path = HomePresenter.swift; sourceTree = "<group>"; };
		E845D2F32AE8FEED00C83955 /* HomeRouter.swift */ = {isa = PBXFileReference; lastKnownFileType = sourcecode.swift; path = HomeRouter.swift; sourceTree = "<group>"; };
		E845D2F52AE8FEF800C83955 /* HomeInteractor.swift */ = {isa = PBXFileReference; lastKnownFileType = sourcecode.swift; path = HomeInteractor.swift; sourceTree = "<group>"; };
		E845D2F72AE8FF0A00C83955 /* HomeEntity.swift */ = {isa = PBXFileReference; lastKnownFileType = sourcecode.swift; path = HomeEntity.swift; sourceTree = "<group>"; };
		E845D2FB2AE8FF2200C83955 /* MoviePresenter.swift */ = {isa = PBXFileReference; lastKnownFileType = sourcecode.swift; path = MoviePresenter.swift; sourceTree = "<group>"; };
		E845D2FD2AE8FF2C00C83955 /* MovieInteractor.swift */ = {isa = PBXFileReference; lastKnownFileType = sourcecode.swift; path = MovieInteractor.swift; sourceTree = "<group>"; };
		E845D2FF2AE8FF3800C83955 /* MovieEntity.swift */ = {isa = PBXFileReference; lastKnownFileType = sourcecode.swift; path = MovieEntity.swift; sourceTree = "<group>"; };
		E845D3012AE8FF4100C83955 /* MovieRouter.swift */ = {isa = PBXFileReference; lastKnownFileType = sourcecode.swift; path = MovieRouter.swift; sourceTree = "<group>"; };
		E845D3032AE8FF5900C83955 /* TVShowRouter.swift */ = {isa = PBXFileReference; lastKnownFileType = sourcecode.swift; path = TVShowRouter.swift; sourceTree = "<group>"; };
		E845D3072AE8FF8100C83955 /* TVShowInteractor.swift */ = {isa = PBXFileReference; lastKnownFileType = sourcecode.swift; path = TVShowInteractor.swift; sourceTree = "<group>"; };
		E845D3092AE8FF9000C83955 /* TVShowPresenter.swift */ = {isa = PBXFileReference; lastKnownFileType = sourcecode.swift; path = TVShowPresenter.swift; sourceTree = "<group>"; };
		E845D30D2AE8FFC800C83955 /* HomeViewController.swift */ = {isa = PBXFileReference; lastKnownFileType = sourcecode.swift; path = HomeViewController.swift; sourceTree = "<group>"; };
		E845D30F2AE8FFDE00C83955 /* MovieViewController.swift */ = {isa = PBXFileReference; lastKnownFileType = sourcecode.swift; path = MovieViewController.swift; sourceTree = "<group>"; };
		E845D3112AE8FFF200C83955 /* TVShowViewController.swift */ = {isa = PBXFileReference; lastKnownFileType = sourcecode.swift; path = TVShowViewController.swift; sourceTree = "<group>"; };
		E845D3132AE9000A00C83955 /* TVShowEntity.swift */ = {isa = PBXFileReference; lastKnownFileType = sourcecode.swift; path = TVShowEntity.swift; sourceTree = "<group>"; };
		E845D3182AE9061D00C83955 /* AppTheme.swift */ = {isa = PBXFileReference; lastKnownFileType = sourcecode.swift; path = AppTheme.swift; sourceTree = "<group>"; };
		E845D31A2AE9157D00C83955 /* HomeProtocols.swift */ = {isa = PBXFileReference; lastKnownFileType = sourcecode.swift; path = HomeProtocols.swift; sourceTree = "<group>"; };
		E845D31C2AE915C600C83955 /* MovieProtocols.swift */ = {isa = PBXFileReference; lastKnownFileType = sourcecode.swift; path = MovieProtocols.swift; sourceTree = "<group>"; };
		E845D31E2AE919E600C83955 /* TVShowProtocols.swift */ = {isa = PBXFileReference; lastKnownFileType = sourcecode.swift; path = TVShowProtocols.swift; sourceTree = "<group>"; };
		E845D3202AE91D4B00C83955 /* UIViewControllerExtesion.swift */ = {isa = PBXFileReference; lastKnownFileType = sourcecode.swift; path = UIViewControllerExtesion.swift; sourceTree = "<group>"; };
		E845D3222AE91D9400C83955 /* UILabelExtension.swift */ = {isa = PBXFileReference; lastKnownFileType = sourcecode.swift; path = UILabelExtension.swift; sourceTree = "<group>"; };
		E854BDD12AEBCF4E0075E5CD /* GenreCollectionCell.swift */ = {isa = PBXFileReference; lastKnownFileType = sourcecode.swift; path = GenreCollectionCell.swift; sourceTree = "<group>"; };
		E86BD3A52AE286E70006EFB8 /* MovieRepository.swift */ = {isa = PBXFileReference; lastKnownFileType = sourcecode.swift; path = MovieRepository.swift; sourceTree = "<group>"; };
		E86BD3A72AE28D800006EFB8 /* TVShowRepository.swift */ = {isa = PBXFileReference; lastKnownFileType = sourcecode.swift; path = TVShowRepository.swift; sourceTree = "<group>"; };
		E86BD3A92AE28DEA0006EFB8 /* CastRepository.swift */ = {isa = PBXFileReference; lastKnownFileType = sourcecode.swift; path = CastRepository.swift; sourceTree = "<group>"; };
		E87EAB552AE23454006A343A /* Models.swift */ = {isa = PBXFileReference; lastKnownFileType = sourcecode.swift; path = Models.swift; sourceTree = "<group>"; };
		E87EAB572AE25767006A343A /* UIImageExtesntions.swift */ = {isa = PBXFileReference; lastKnownFileType = sourcecode.swift; path = UIImageExtesntions.swift; sourceTree = "<group>"; };
		E87EAB592AE2580B006A343A /* Repository.swift */ = {isa = PBXFileReference; lastKnownFileType = sourcecode.swift; path = Repository.swift; sourceTree = "<group>"; };
		E87EAB5B2AE25DD8006A343A /* MovieAPIEndPoints.swift */ = {isa = PBXFileReference; lastKnownFileType = sourcecode.swift; path = MovieAPIEndPoints.swift; sourceTree = "<group>"; };
		E8A9C29C2AE0033D00BD263A /* ChargeFlix.app */ = {isa = PBXFileReference; explicitFileType = wrapper.application; includeInIndex = 0; path = ChargeFlix.app; sourceTree = BUILT_PRODUCTS_DIR; };
		E8A9C29F2AE0033D00BD263A /* AppDelegate.swift */ = {isa = PBXFileReference; lastKnownFileType = sourcecode.swift; path = AppDelegate.swift; sourceTree = "<group>"; };
		E8A9C2A12AE0033D00BD263A /* SceneDelegate.swift */ = {isa = PBXFileReference; lastKnownFileType = sourcecode.swift; path = SceneDelegate.swift; sourceTree = "<group>"; };
		E8A9C2A62AE0033D00BD263A /* Base */ = {isa = PBXFileReference; lastKnownFileType = file.storyboard; name = Base; path = Base.lproj/Main.storyboard; sourceTree = "<group>"; };
		E8A9C2A92AE0033D00BD263A /* ChargeFlix.xcdatamodel */ = {isa = PBXFileReference; lastKnownFileType = wrapper.xcdatamodel; path = ChargeFlix.xcdatamodel; sourceTree = "<group>"; };
		E8A9C2AB2AE0033D00BD263A /* Assets.xcassets */ = {isa = PBXFileReference; lastKnownFileType = folder.assetcatalog; path = Assets.xcassets; sourceTree = "<group>"; };
		E8A9C2AE2AE0033D00BD263A /* Base */ = {isa = PBXFileReference; lastKnownFileType = file.storyboard; name = Base; path = Base.lproj/LaunchScreen.storyboard; sourceTree = "<group>"; };
		E8A9C2B02AE0033D00BD263A /* Info.plist */ = {isa = PBXFileReference; lastKnownFileType = text.plist.xml; path = Info.plist; sourceTree = "<group>"; };
		E8A9C2B52AE0033E00BD263A /* ChargeFlixTests.xctest */ = {isa = PBXFileReference; explicitFileType = wrapper.cfbundle; includeInIndex = 0; path = ChargeFlixTests.xctest; sourceTree = BUILT_PRODUCTS_DIR; };
		E8A9C2B92AE0033E00BD263A /* ChargeFlixTests.swift */ = {isa = PBXFileReference; lastKnownFileType = sourcecode.swift; path = ChargeFlixTests.swift; sourceTree = "<group>"; };
		E8A9C2BF2AE0033E00BD263A /* ChargeFlixUITests.xctest */ = {isa = PBXFileReference; explicitFileType = wrapper.cfbundle; includeInIndex = 0; path = ChargeFlixUITests.xctest; sourceTree = BUILT_PRODUCTS_DIR; };
		E8A9C2C32AE0033E00BD263A /* ChargeFlixUITests.swift */ = {isa = PBXFileReference; lastKnownFileType = sourcecode.swift; path = ChargeFlixUITests.swift; sourceTree = "<group>"; };
		E8A9C2C52AE0033E00BD263A /* ChargeFlixUITestsLaunchTests.swift */ = {isa = PBXFileReference; lastKnownFileType = sourcecode.swift; path = ChargeFlixUITestsLaunchTests.swift; sourceTree = "<group>"; };
		E8B399AA2AE113FB005B0A77 /* APIManager.swift */ = {isa = PBXFileReference; lastKnownFileType = sourcecode.swift; path = APIManager.swift; sourceTree = "<group>"; };
		E8B399AC2AE11445005B0A77 /* ApiEndPoints.swift */ = {isa = PBXFileReference; lastKnownFileType = sourcecode.swift; path = ApiEndPoints.swift; sourceTree = "<group>"; };
		E8E331472AE8E4CC00EE92A2 /* ChargeFlixTabBarController.swift */ = {isa = PBXFileReference; lastKnownFileType = sourcecode.swift; path = ChargeFlixTabBarController.swift; sourceTree = "<group>"; };
		E8F3B3662AEFCC7500943C3E /* NewCollectionView.swift */ = {isa = PBXFileReference; lastKnownFileType = sourcecode.swift; path = NewCollectionView.swift; sourceTree = "<group>"; };
		E8F879B72AEA2B5E00CC0AD1 /* TableHeaderView.swift */ = {isa = PBXFileReference; lastKnownFileType = sourcecode.swift; path = TableHeaderView.swift; sourceTree = "<group>"; };
		E8F879C02AEA490D00CC0AD1 /* CollectionViewCell.swift */ = {isa = PBXFileReference; lastKnownFileType = sourcecode.swift; path = CollectionViewCell.swift; sourceTree = "<group>"; };
		E8F879C22AEA6F2E00CC0AD1 /* MovieTableViewCell.swift */ = {isa = PBXFileReference; lastKnownFileType = sourcecode.swift; path = MovieTableViewCell.swift; sourceTree = "<group>"; };
		E8F879C82AEA741500CC0AD1 /* CollectionView.swift */ = {isa = PBXFileReference; lastKnownFileType = sourcecode.swift; path = CollectionView.swift; sourceTree = "<group>"; };
		E8F879CC2AEA953000CC0AD1 /* TableSectionHeaderView.swift */ = {isa = PBXFileReference; lastKnownFileType = sourcecode.swift; path = TableSectionHeaderView.swift; sourceTree = "<group>"; };
		E8F879CE2AEA95E900CC0AD1 /* UIButtonExtension.swift */ = {isa = PBXFileReference; lastKnownFileType = sourcecode.swift; path = UIButtonExtension.swift; sourceTree = "<group>"; };
		F52AD9E8D299BD32E3081038 /* Pods-ChargeFlixTests.release.xcconfig */ = {isa = PBXFileReference; includeInIndex = 1; lastKnownFileType = text.xcconfig; name = "Pods-ChargeFlixTests.release.xcconfig"; path = "Target Support Files/Pods-ChargeFlixTests/Pods-ChargeFlixTests.release.xcconfig"; sourceTree = "<group>"; };
		F734CCC185738701D7106F9A /* Pods_ChargeFlix.framework */ = {isa = PBXFileReference; explicitFileType = wrapper.framework; includeInIndex = 0; path = Pods_ChargeFlix.framework; sourceTree = BUILT_PRODUCTS_DIR; };
/* End PBXFileReference section */

/* Begin PBXFrameworksBuildPhase section */
		E8A9C2992AE0033D00BD263A /* Frameworks */ = {
			isa = PBXFrameworksBuildPhase;
			buildActionMask = 2147483647;
			files = (
				50A19EB71834DE4E7FC2E0E4 /* Pods_ChargeFlix.framework in Frameworks */,
			);
			runOnlyForDeploymentPostprocessing = 0;
		};
		E8A9C2B22AE0033E00BD263A /* Frameworks */ = {
			isa = PBXFrameworksBuildPhase;
			buildActionMask = 2147483647;
			files = (
				18EB1EBB0FC585ADFF0E8F04 /* Pods_ChargeFlixTests.framework in Frameworks */,
			);
			runOnlyForDeploymentPostprocessing = 0;
		};
		E8A9C2BC2AE0033E00BD263A /* Frameworks */ = {
			isa = PBXFrameworksBuildPhase;
			buildActionMask = 2147483647;
			files = (
				80ED5BB4DCB460E97CE981C0 /* Pods_ChargeFlix_ChargeFlixUITests.framework in Frameworks */,
			);
			runOnlyForDeploymentPostprocessing = 0;
		};
/* End PBXFrameworksBuildPhase section */

/* Begin PBXGroup section */
		840514B3C420B8806ECAAFD5 /* Pods */ = {
			isa = PBXGroup;
			children = (
				05D0728B9574DF72B55BCA14 /* Pods-ChargeFlix.debug.xcconfig */,
				A7CBC22F2283A9E03C652804 /* Pods-ChargeFlix.release.xcconfig */,
				2D34B155EDCE3FD0B50B442F /* Pods-ChargeFlix-ChargeFlixUITests.debug.xcconfig */,
				B3EA8E203B7262AD1AC767D4 /* Pods-ChargeFlix-ChargeFlixUITests.release.xcconfig */,
				5E988F561A3BDCCCAFB32AA4 /* Pods-ChargeFlixTests.debug.xcconfig */,
				F52AD9E8D299BD32E3081038 /* Pods-ChargeFlixTests.release.xcconfig */,
			);
			path = Pods;
			sourceTree = "<group>";
		};
		8ADCE9A1373D3ADC8BE03592 /* Frameworks */ = {
			isa = PBXGroup;
			children = (
				F734CCC185738701D7106F9A /* Pods_ChargeFlix.framework */,
				707A3F95D6935270F34F661D /* Pods_ChargeFlix_ChargeFlixUITests.framework */,
				15B6D2EECAF9E54277611149 /* Pods_ChargeFlixTests.framework */,
			);
			name = Frameworks;
			sourceTree = "<group>";
		};
		E8321BD72AE12914003D2696 /* Models */ = {
			isa = PBXGroup;
			children = (
				E87EAB552AE23454006A343A /* Models.swift */,
			);
			path = Models;
			sourceTree = "<group>";
		};
		E845D3172AE905F400C83955 /* Assets */ = {
			isa = PBXGroup;
			children = (
				E8A9C2AB2AE0033D00BD263A /* Assets.xcassets */,
				E845D3182AE9061D00C83955 /* AppTheme.swift */,
			);
			path = Assets;
			sourceTree = "<group>";
		};
		E87EAB5D2AE26165006A343A /* Repository */ = {
			isa = PBXGroup;
			children = (
				E87EAB592AE2580B006A343A /* Repository.swift */,
				E86BD3A52AE286E70006EFB8 /* MovieRepository.swift */,
				E86BD3A72AE28D800006EFB8 /* TVShowRepository.swift */,
				E86BD3A92AE28DEA0006EFB8 /* CastRepository.swift */,
			);
			path = Repository;
			sourceTree = "<group>";
		};
		E8A9C2932AE0033D00BD263A = {
			isa = PBXGroup;
			children = (
				E8A9C29E2AE0033D00BD263A /* ChargeFlix */,
				E8A9C2B82AE0033E00BD263A /* ChargeFlixTests */,
				E8A9C2C22AE0033E00BD263A /* ChargeFlixUITests */,
				E8A9C29D2AE0033D00BD263A /* Products */,
				840514B3C420B8806ECAAFD5 /* Pods */,
				8ADCE9A1373D3ADC8BE03592 /* Frameworks */,
			);
			sourceTree = "<group>";
		};
		E8A9C29D2AE0033D00BD263A /* Products */ = {
			isa = PBXGroup;
			children = (
				E8A9C29C2AE0033D00BD263A /* ChargeFlix.app */,
				E8A9C2B52AE0033E00BD263A /* ChargeFlixTests.xctest */,
				E8A9C2BF2AE0033E00BD263A /* ChargeFlixUITests.xctest */,
			);
			name = Products;
			sourceTree = "<group>";
		};
		E8A9C29E2AE0033D00BD263A /* ChargeFlix */ = {
			isa = PBXGroup;
			children = (
				E8F879BB2AEA35B900CC0AD1 /* Classes */,
				E8B399A22AE110AF005B0A77 /* Application */,
				E8B399A12AE1109F005B0A77 /* Extensions */,
				E8E3313A2AE8D6CE00EE92A2 /* Services */,
				E8E331362AE8D68100EE92A2 /* Modules */,
				E8E3313B2AE8D71000EE92A2 /* Stoyboards */,
				E8321BD72AE12914003D2696 /* Models */,
				E845D3172AE905F400C83955 /* Assets */,
				E8A9C2B02AE0033D00BD263A /* Info.plist */,
				E8A9C2A82AE0033D00BD263A /* ChargeFlix.xcdatamodeld */,
			);
			path = ChargeFlix;
			sourceTree = "<group>";
		};
		E8A9C2B82AE0033E00BD263A /* ChargeFlixTests */ = {
			isa = PBXGroup;
			children = (
				E8A9C2B92AE0033E00BD263A /* ChargeFlixTests.swift */,
			);
			path = ChargeFlixTests;
			sourceTree = "<group>";
		};
		E8A9C2C22AE0033E00BD263A /* ChargeFlixUITests */ = {
			isa = PBXGroup;
			children = (
				E8A9C2C32AE0033E00BD263A /* ChargeFlixUITests.swift */,
				E8A9C2C52AE0033E00BD263A /* ChargeFlixUITestsLaunchTests.swift */,
			);
			path = ChargeFlixUITests;
			sourceTree = "<group>";
		};
		E8B3999F2AE1108A005B0A77 /* Network */ = {
			isa = PBXGroup;
			children = (
				E8321BCC2AE119B7003D2696 /* Constants.swift */,
				E8B399AA2AE113FB005B0A77 /* APIManager.swift */,
				E8B399AC2AE11445005B0A77 /* ApiEndPoints.swift */,
				E87EAB5B2AE25DD8006A343A /* MovieAPIEndPoints.swift */,
				E8321BD02AE119E6003D2696 /* TVShowAPIEndPoints.swift */,
				E8321BD22AE11A08003D2696 /* CastAPIEnpoints.swift */,
			);
			path = Network;
			sourceTree = "<group>";
		};
		E8B399A12AE1109F005B0A77 /* Extensions */ = {
			isa = PBXGroup;
			children = (
				E87EAB572AE25767006A343A /* UIImageExtesntions.swift */,
				E845D3202AE91D4B00C83955 /* UIViewControllerExtesion.swift */,
				E845D3222AE91D9400C83955 /* UILabelExtension.swift */,
				E8F879CE2AEA95E900CC0AD1 /* UIButtonExtension.swift */,
			);
			path = Extensions;
			sourceTree = "<group>";
		};
		E8B399A22AE110AF005B0A77 /* Application */ = {
			isa = PBXGroup;
			children = (
				E8A9C29F2AE0033D00BD263A /* AppDelegate.swift */,
				E8A9C2A12AE0033D00BD263A /* SceneDelegate.swift */,
			);
			path = Application;
			sourceTree = "<group>";
		};
		E8E331362AE8D68100EE92A2 /* Modules */ = {
			isa = PBXGroup;
			children = (
				E8E3313C2AE8DD0000EE92A2 /* TabBar */,
				E8E331372AE8D68F00EE92A2 /* Home */,
				E8E331382AE8D69500EE92A2 /* Movie */,
				E8E331392AE8D6A300EE92A2 /* TVShow */,
			);
			path = Modules;
			sourceTree = "<group>";
		};
		E8E331372AE8D68F00EE92A2 /* Home */ = {
			isa = PBXGroup;
			children = (
				E845D31A2AE9157D00C83955 /* HomeProtocols.swift */,
				E8F3B3642AEF9B2200943C3E /* Views */,
				E845D2F12AE8FEE500C83955 /* HomePresenter.swift */,
				E845D2F52AE8FEF800C83955 /* HomeInteractor.swift */,
				E845D2F32AE8FEED00C83955 /* HomeRouter.swift */,
				E845D2F72AE8FF0A00C83955 /* HomeEntity.swift */,
			);
			path = Home;
			sourceTree = "<group>";
		};
		E8E331382AE8D69500EE92A2 /* Movie */ = {
			isa = PBXGroup;
			children = (
				E845D31C2AE915C600C83955 /* MovieProtocols.swift */,
				E845D30F2AE8FFDE00C83955 /* MovieViewController.swift */,
				E845D2FB2AE8FF2200C83955 /* MoviePresenter.swift */,
				E845D2FD2AE8FF2C00C83955 /* MovieInteractor.swift */,
				E845D3012AE8FF4100C83955 /* MovieRouter.swift */,
				E845D2FF2AE8FF3800C83955 /* MovieEntity.swift */,
			);
			path = Movie;
			sourceTree = "<group>";
		};
		E8E331392AE8D6A300EE92A2 /* TVShow */ = {
			isa = PBXGroup;
			children = (
				E845D31E2AE919E600C83955 /* TVShowProtocols.swift */,
				E845D3112AE8FFF200C83955 /* TVShowViewController.swift */,
				E845D3092AE8FF9000C83955 /* TVShowPresenter.swift */,
				E845D3072AE8FF8100C83955 /* TVShowInteractor.swift */,
				E845D3032AE8FF5900C83955 /* TVShowRouter.swift */,
				E845D3132AE9000A00C83955 /* TVShowEntity.swift */,
			);
			path = TVShow;
			sourceTree = "<group>";
		};
		E8E3313A2AE8D6CE00EE92A2 /* Services */ = {
			isa = PBXGroup;
			children = (
				E8B3999F2AE1108A005B0A77 /* Network */,
				E87EAB5D2AE26165006A343A /* Repository */,
			);
			path = Services;
			sourceTree = "<group>";
		};
		E8E3313B2AE8D71000EE92A2 /* Stoyboards */ = {
			isa = PBXGroup;
			children = (
				E8A9C2A52AE0033D00BD263A /* Main.storyboard */,
				E8A9C2AD2AE0033D00BD263A /* LaunchScreen.storyboard */,
			);
			path = Stoyboards;
			sourceTree = "<group>";
		};
		E8E3313C2AE8DD0000EE92A2 /* TabBar */ = {
			isa = PBXGroup;
			children = (
				E8E331472AE8E4CC00EE92A2 /* ChargeFlixTabBarController.swift */,
			);
			path = TabBar;
			sourceTree = "<group>";
		};
		E8F3B3642AEF9B2200943C3E /* Views */ = {
			isa = PBXGroup;
			children = (
				E845D30D2AE8FFC800C83955 /* HomeViewController.swift */,
				E8F879B72AEA2B5E00CC0AD1 /* TableHeaderView.swift */,
				E8F879CC2AEA953000CC0AD1 /* TableSectionHeaderView.swift */,
				E8F3B3652AEF9B4000943C3E /* Cells */,
			);
			path = Views;
			sourceTree = "<group>";
		};
		E8F3B3652AEF9B4000943C3E /* Cells */ = {
			isa = PBXGroup;
			children = (
				E854BDD12AEBCF4E0075E5CD /* GenreCollectionCell.swift */,
				E8F879C22AEA6F2E00CC0AD1 /* MovieTableViewCell.swift */,
			);
			path = Cells;
			sourceTree = "<group>";
		};
		E8F879BB2AEA35B900CC0AD1 /* Classes */ = {
			isa = PBXGroup;
			children = (
				E8F879C02AEA490D00CC0AD1 /* CollectionViewCell.swift */,
				E8F879C82AEA741500CC0AD1 /* CollectionView.swift */,
				E8F3B3662AEFCC7500943C3E /* NewCollectionView.swift */,
			);
			path = Classes;
			sourceTree = "<group>";
		};
/* End PBXGroup section */

/* Begin PBXNativeTarget section */
		E8A9C29B2AE0033D00BD263A /* ChargeFlix */ = {
			isa = PBXNativeTarget;
			buildConfigurationList = E8A9C2C92AE0033E00BD263A /* Build configuration list for PBXNativeTarget "ChargeFlix" */;
			buildPhases = (
				6D98568A952DE9B4AFB817F1 /* [CP] Check Pods Manifest.lock */,
				E8A9C2982AE0033D00BD263A /* Sources */,
				E8A9C2992AE0033D00BD263A /* Frameworks */,
				E8A9C29A2AE0033D00BD263A /* Resources */,
				D17A79B2974D6792418C7913 /* [CP] Embed Pods Frameworks */,
				E845D2EE2AE8ECF300C83955 /* ShellScript */,
			);
			buildRules = (
			);
			dependencies = (
			);
			name = ChargeFlix;
			productName = ChargeFlix;
			productReference = E8A9C29C2AE0033D00BD263A /* ChargeFlix.app */;
			productType = "com.apple.product-type.application";
		};
		E8A9C2B42AE0033E00BD263A /* ChargeFlixTests */ = {
			isa = PBXNativeTarget;
			buildConfigurationList = E8A9C2CC2AE0033E00BD263A /* Build configuration list for PBXNativeTarget "ChargeFlixTests" */;
			buildPhases = (
				362A4095BD02EAB51437D645 /* [CP] Check Pods Manifest.lock */,
				E8A9C2B12AE0033E00BD263A /* Sources */,
				E8A9C2B22AE0033E00BD263A /* Frameworks */,
				E8A9C2B32AE0033E00BD263A /* Resources */,
			);
			buildRules = (
			);
			dependencies = (
				E8A9C2B72AE0033E00BD263A /* PBXTargetDependency */,
			);
			name = ChargeFlixTests;
			productName = ChargeFlixTests;
			productReference = E8A9C2B52AE0033E00BD263A /* ChargeFlixTests.xctest */;
			productType = "com.apple.product-type.bundle.unit-test";
		};
		E8A9C2BE2AE0033E00BD263A /* ChargeFlixUITests */ = {
			isa = PBXNativeTarget;
			buildConfigurationList = E8A9C2CF2AE0033E00BD263A /* Build configuration list for PBXNativeTarget "ChargeFlixUITests" */;
			buildPhases = (
				B9B0D6BCB410A54DC70697C7 /* [CP] Check Pods Manifest.lock */,
				E8A9C2BB2AE0033E00BD263A /* Sources */,
				E8A9C2BC2AE0033E00BD263A /* Frameworks */,
				E8A9C2BD2AE0033E00BD263A /* Resources */,
				D72C0DF7E9C3E2361043B700 /* [CP] Embed Pods Frameworks */,
			);
			buildRules = (
			);
			dependencies = (
				E8A9C2C12AE0033E00BD263A /* PBXTargetDependency */,
			);
			name = ChargeFlixUITests;
			productName = ChargeFlixUITests;
			productReference = E8A9C2BF2AE0033E00BD263A /* ChargeFlixUITests.xctest */;
			productType = "com.apple.product-type.bundle.ui-testing";
		};
/* End PBXNativeTarget section */

/* Begin PBXProject section */
		E8A9C2942AE0033D00BD263A /* Project object */ = {
			isa = PBXProject;
			attributes = {
				BuildIndependentTargetsInParallel = 1;
				LastSwiftUpdateCheck = 1500;
				LastUpgradeCheck = 1500;
				TargetAttributes = {
					E8A9C29B2AE0033D00BD263A = {
						CreatedOnToolsVersion = 15.0;
					};
					E8A9C2B42AE0033E00BD263A = {
						CreatedOnToolsVersion = 15.0;
						TestTargetID = E8A9C29B2AE0033D00BD263A;
					};
					E8A9C2BE2AE0033E00BD263A = {
						CreatedOnToolsVersion = 15.0;
						TestTargetID = E8A9C29B2AE0033D00BD263A;
					};
				};
			};
			buildConfigurationList = E8A9C2972AE0033D00BD263A /* Build configuration list for PBXProject "ChargeFlix" */;
			compatibilityVersion = "Xcode 14.0";
			developmentRegion = en;
			hasScannedForEncodings = 0;
			knownRegions = (
				en,
				Base,
			);
			mainGroup = E8A9C2932AE0033D00BD263A;
			productRefGroup = E8A9C29D2AE0033D00BD263A /* Products */;
			projectDirPath = "";
			projectRoot = "";
			targets = (
				E8A9C29B2AE0033D00BD263A /* ChargeFlix */,
				E8A9C2B42AE0033E00BD263A /* ChargeFlixTests */,
				E8A9C2BE2AE0033E00BD263A /* ChargeFlixUITests */,
			);
		};
/* End PBXProject section */

/* Begin PBXResourcesBuildPhase section */
		E8A9C29A2AE0033D00BD263A /* Resources */ = {
			isa = PBXResourcesBuildPhase;
			buildActionMask = 2147483647;
			files = (
				E8A9C2AF2AE0033D00BD263A /* LaunchScreen.storyboard in Resources */,
				E8A9C2AC2AE0033D00BD263A /* Assets.xcassets in Resources */,
				E8A9C2A72AE0033D00BD263A /* Main.storyboard in Resources */,
			);
			runOnlyForDeploymentPostprocessing = 0;
		};
		E8A9C2B32AE0033E00BD263A /* Resources */ = {
			isa = PBXResourcesBuildPhase;
			buildActionMask = 2147483647;
			files = (
			);
			runOnlyForDeploymentPostprocessing = 0;
		};
		E8A9C2BD2AE0033E00BD263A /* Resources */ = {
			isa = PBXResourcesBuildPhase;
			buildActionMask = 2147483647;
			files = (
			);
			runOnlyForDeploymentPostprocessing = 0;
		};
/* End PBXResourcesBuildPhase section */

/* Begin PBXShellScriptBuildPhase section */
		362A4095BD02EAB51437D645 /* [CP] Check Pods Manifest.lock */ = {
			isa = PBXShellScriptBuildPhase;
			buildActionMask = 2147483647;
			files = (
			);
			inputFileListPaths = (
			);
			inputPaths = (
				"${PODS_PODFILE_DIR_PATH}/Podfile.lock",
				"${PODS_ROOT}/Manifest.lock",
			);
			name = "[CP] Check Pods Manifest.lock";
			outputFileListPaths = (
			);
			outputPaths = (
				"$(DERIVED_FILE_DIR)/Pods-ChargeFlixTests-checkManifestLockResult.txt",
			);
			runOnlyForDeploymentPostprocessing = 0;
			shellPath = /bin/sh;
			shellScript = "diff \"${PODS_PODFILE_DIR_PATH}/Podfile.lock\" \"${PODS_ROOT}/Manifest.lock\" > /dev/null\nif [ $? != 0 ] ; then\n    # print error to STDERR\n    echo \"error: The sandbox is not in sync with the Podfile.lock. Run 'pod install' or update your CocoaPods installation.\" >&2\n    exit 1\nfi\n# This output is used by Xcode 'outputs' to avoid re-running this script phase.\necho \"SUCCESS\" > \"${SCRIPT_OUTPUT_FILE_0}\"\n";
			showEnvVarsInLog = 0;
		};
		6D98568A952DE9B4AFB817F1 /* [CP] Check Pods Manifest.lock */ = {
			isa = PBXShellScriptBuildPhase;
			buildActionMask = 2147483647;
			files = (
			);
			inputFileListPaths = (
			);
			inputPaths = (
				"${PODS_PODFILE_DIR_PATH}/Podfile.lock",
				"${PODS_ROOT}/Manifest.lock",
			);
			name = "[CP] Check Pods Manifest.lock";
			outputFileListPaths = (
			);
			outputPaths = (
				"$(DERIVED_FILE_DIR)/Pods-ChargeFlix-checkManifestLockResult.txt",
			);
			runOnlyForDeploymentPostprocessing = 0;
			shellPath = /bin/sh;
			shellScript = "diff \"${PODS_PODFILE_DIR_PATH}/Podfile.lock\" \"${PODS_ROOT}/Manifest.lock\" > /dev/null\nif [ $? != 0 ] ; then\n    # print error to STDERR\n    echo \"error: The sandbox is not in sync with the Podfile.lock. Run 'pod install' or update your CocoaPods installation.\" >&2\n    exit 1\nfi\n# This output is used by Xcode 'outputs' to avoid re-running this script phase.\necho \"SUCCESS\" > \"${SCRIPT_OUTPUT_FILE_0}\"\n";
			showEnvVarsInLog = 0;
		};
		B9B0D6BCB410A54DC70697C7 /* [CP] Check Pods Manifest.lock */ = {
			isa = PBXShellScriptBuildPhase;
			buildActionMask = 2147483647;
			files = (
			);
			inputFileListPaths = (
			);
			inputPaths = (
				"${PODS_PODFILE_DIR_PATH}/Podfile.lock",
				"${PODS_ROOT}/Manifest.lock",
			);
			name = "[CP] Check Pods Manifest.lock";
			outputFileListPaths = (
			);
			outputPaths = (
				"$(DERIVED_FILE_DIR)/Pods-ChargeFlix-ChargeFlixUITests-checkManifestLockResult.txt",
			);
			runOnlyForDeploymentPostprocessing = 0;
			shellPath = /bin/sh;
			shellScript = "diff \"${PODS_PODFILE_DIR_PATH}/Podfile.lock\" \"${PODS_ROOT}/Manifest.lock\" > /dev/null\nif [ $? != 0 ] ; then\n    # print error to STDERR\n    echo \"error: The sandbox is not in sync with the Podfile.lock. Run 'pod install' or update your CocoaPods installation.\" >&2\n    exit 1\nfi\n# This output is used by Xcode 'outputs' to avoid re-running this script phase.\necho \"SUCCESS\" > \"${SCRIPT_OUTPUT_FILE_0}\"\n";
			showEnvVarsInLog = 0;
		};
		D17A79B2974D6792418C7913 /* [CP] Embed Pods Frameworks */ = {
			isa = PBXShellScriptBuildPhase;
			buildActionMask = 2147483647;
			files = (
			);
			inputFileListPaths = (
				"${PODS_ROOT}/Target Support Files/Pods-ChargeFlix/Pods-ChargeFlix-frameworks-${CONFIGURATION}-input-files.xcfilelist",
			);
			name = "[CP] Embed Pods Frameworks";
			outputFileListPaths = (
				"${PODS_ROOT}/Target Support Files/Pods-ChargeFlix/Pods-ChargeFlix-frameworks-${CONFIGURATION}-output-files.xcfilelist",
			);
			runOnlyForDeploymentPostprocessing = 0;
			shellPath = /bin/sh;
			shellScript = "\"${PODS_ROOT}/Target Support Files/Pods-ChargeFlix/Pods-ChargeFlix-frameworks.sh\"\n";
			showEnvVarsInLog = 0;
		};
		D72C0DF7E9C3E2361043B700 /* [CP] Embed Pods Frameworks */ = {
			isa = PBXShellScriptBuildPhase;
			buildActionMask = 2147483647;
			files = (
			);
			inputFileListPaths = (
				"${PODS_ROOT}/Target Support Files/Pods-ChargeFlix-ChargeFlixUITests/Pods-ChargeFlix-ChargeFlixUITests-frameworks-${CONFIGURATION}-input-files.xcfilelist",
			);
			name = "[CP] Embed Pods Frameworks";
			outputFileListPaths = (
				"${PODS_ROOT}/Target Support Files/Pods-ChargeFlix-ChargeFlixUITests/Pods-ChargeFlix-ChargeFlixUITests-frameworks-${CONFIGURATION}-output-files.xcfilelist",
			);
			runOnlyForDeploymentPostprocessing = 0;
			shellPath = /bin/sh;
			shellScript = "\"${PODS_ROOT}/Target Support Files/Pods-ChargeFlix-ChargeFlixUITests/Pods-ChargeFlix-ChargeFlixUITests-frameworks.sh\"\n";
			showEnvVarsInLog = 0;
		};
		E845D2EE2AE8ECF300C83955 /* ShellScript */ = {
			isa = PBXShellScriptBuildPhase;
			buildActionMask = 2147483647;
			files = (
			);
			inputFileListPaths = (
			);
			inputPaths = (
			);
			outputFileListPaths = (
			);
			outputPaths = (
			);
			runOnlyForDeploymentPostprocessing = 0;
			shellPath = /bin/sh;
			shellScript = "export PATH=\"$PATH:/opt/homebrew/bin\"\nif which swiftlint > /dev/null; then\n swiftlint\nelse\n echo \"warning: SwiftLint not installed, download from https://github.com/realm/SwiftLint\"\nfi\n";
		};
/* End PBXShellScriptBuildPhase section */

/* Begin PBXSourcesBuildPhase section */
		E8A9C2982AE0033D00BD263A /* Sources */ = {
			isa = PBXSourcesBuildPhase;
			buildActionMask = 2147483647;
			files = (
				E8A9C2AA2AE0033D00BD263A /* ChargeFlix.xcdatamodeld in Sources */,
				E8E331482AE8E4CC00EE92A2 /* ChargeFlixTabBarController.swift in Sources */,
				E8F879CD2AEA953000CC0AD1 /* TableSectionHeaderView.swift in Sources */,
				E8B399AD2AE11445005B0A77 /* ApiEndPoints.swift in Sources */,
				E8321BD32AE11A08003D2696 /* CastAPIEnpoints.swift in Sources */,
				E845D31B2AE9157D00C83955 /* HomeProtocols.swift in Sources */,
				E845D3212AE91D4B00C83955 /* UIViewControllerExtesion.swift in Sources */,
				E8321BD12AE119E6003D2696 /* TVShowAPIEndPoints.swift in Sources */,
				E845D2FE2AE8FF2C00C83955 /* MovieInteractor.swift in Sources */,
				E845D2F62AE8FEF800C83955 /* HomeInteractor.swift in Sources */,
				E845D2FC2AE8FF2200C83955 /* MoviePresenter.swift in Sources */,
				E845D3042AE8FF5900C83955 /* TVShowRouter.swift in Sources */,
				E86BD3A62AE286E70006EFB8 /* MovieRepository.swift in Sources */,
				E845D2F82AE8FF0A00C83955 /* HomeEntity.swift in Sources */,
				E8F879C92AEA741500CC0AD1 /* CollectionView.swift in Sources */,
				E87EAB582AE25767006A343A /* UIImageExtesntions.swift in Sources */,
				E845D3232AE91D9400C83955 /* UILabelExtension.swift in Sources */,
				E845D30A2AE8FF9000C83955 /* TVShowPresenter.swift in Sources */,
				E845D31D2AE915C600C83955 /* MovieProtocols.swift in Sources */,
				E845D2F42AE8FEED00C83955 /* HomeRouter.swift in Sources */,
				E854BDD22AEBCF4E0075E5CD /* GenreCollectionCell.swift in Sources */,
				E8B399AB2AE113FB005B0A77 /* APIManager.swift in Sources */,
				E8321BCD2AE119B7003D2696 /* Constants.swift in Sources */,
				E86BD3A82AE28D800006EFB8 /* TVShowRepository.swift in Sources */,
				E845D3102AE8FFDE00C83955 /* MovieViewController.swift in Sources */,
				E86BD3AA2AE28DEA0006EFB8 /* CastRepository.swift in Sources */,
				E8A9C2A02AE0033D00BD263A /* AppDelegate.swift in Sources */,
				E8F879B82AEA2B5E00CC0AD1 /* TableHeaderView.swift in Sources */,
				E845D3142AE9000A00C83955 /* TVShowEntity.swift in Sources */,
				E845D2F22AE8FEE500C83955 /* HomePresenter.swift in Sources */,
				E845D3082AE8FF8100C83955 /* TVShowInteractor.swift in Sources */,
				E8A9C2A22AE0033D00BD263A /* SceneDelegate.swift in Sources */,
				E8F3B3672AEFCC7500943C3E /* NewCollectionView.swift in Sources */,
				E845D3002AE8FF3800C83955 /* MovieEntity.swift in Sources */,
				E87EAB562AE23454006A343A /* Models.swift in Sources */,
				E845D3022AE8FF4100C83955 /* MovieRouter.swift in Sources */,
				E845D30E2AE8FFC800C83955 /* HomeViewController.swift in Sources */,
				E8F879C12AEA490D00CC0AD1 /* CollectionViewCell.swift in Sources */,
				E87EAB5A2AE2580B006A343A /* Repository.swift in Sources */,
				E8F879C32AEA6F2E00CC0AD1 /* MovieTableViewCell.swift in Sources */,
				E8F879CF2AEA95E900CC0AD1 /* UIButtonExtension.swift in Sources */,
				E845D3192AE9061D00C83955 /* AppTheme.swift in Sources */,
				E87EAB5C2AE25DD8006A343A /* MovieAPIEndPoints.swift in Sources */,
				E845D3122AE8FFF200C83955 /* TVShowViewController.swift in Sources */,
				E845D31F2AE919E600C83955 /* TVShowProtocols.swift in Sources */,
			);
			runOnlyForDeploymentPostprocessing = 0;
		};
		E8A9C2B12AE0033E00BD263A /* Sources */ = {
			isa = PBXSourcesBuildPhase;
			buildActionMask = 2147483647;
			files = (
				E8A9C2BA2AE0033E00BD263A /* ChargeFlixTests.swift in Sources */,
			);
			runOnlyForDeploymentPostprocessing = 0;
		};
		E8A9C2BB2AE0033E00BD263A /* Sources */ = {
			isa = PBXSourcesBuildPhase;
			buildActionMask = 2147483647;
			files = (
				E8A9C2C42AE0033E00BD263A /* ChargeFlixUITests.swift in Sources */,
				E8A9C2C62AE0033E00BD263A /* ChargeFlixUITestsLaunchTests.swift in Sources */,
			);
			runOnlyForDeploymentPostprocessing = 0;
		};
/* End PBXSourcesBuildPhase section */

/* Begin PBXTargetDependency section */
		E8A9C2B72AE0033E00BD263A /* PBXTargetDependency */ = {
			isa = PBXTargetDependency;
			target = E8A9C29B2AE0033D00BD263A /* ChargeFlix */;
			targetProxy = E8A9C2B62AE0033E00BD263A /* PBXContainerItemProxy */;
		};
		E8A9C2C12AE0033E00BD263A /* PBXTargetDependency */ = {
			isa = PBXTargetDependency;
			target = E8A9C29B2AE0033D00BD263A /* ChargeFlix */;
			targetProxy = E8A9C2C02AE0033E00BD263A /* PBXContainerItemProxy */;
		};
/* End PBXTargetDependency section */

/* Begin PBXVariantGroup section */
		E8A9C2A52AE0033D00BD263A /* Main.storyboard */ = {
			isa = PBXVariantGroup;
			children = (
				E8A9C2A62AE0033D00BD263A /* Base */,
			);
			name = Main.storyboard;
			sourceTree = "<group>";
		};
		E8A9C2AD2AE0033D00BD263A /* LaunchScreen.storyboard */ = {
			isa = PBXVariantGroup;
			children = (
				E8A9C2AE2AE0033D00BD263A /* Base */,
			);
			name = LaunchScreen.storyboard;
			sourceTree = "<group>";
		};
/* End PBXVariantGroup section */

/* Begin XCBuildConfiguration section */
		E8A9C2C72AE0033E00BD263A /* Debug */ = {
			isa = XCBuildConfiguration;
			buildSettings = {
				ALWAYS_SEARCH_USER_PATHS = NO;
				ASSETCATALOG_COMPILER_GENERATE_SWIFT_ASSET_SYMBOL_EXTENSIONS = YES;
				CLANG_ANALYZER_NONNULL = YES;
				CLANG_ANALYZER_NUMBER_OBJECT_CONVERSION = YES_AGGRESSIVE;
				CLANG_CXX_LANGUAGE_STANDARD = "gnu++20";
				CLANG_ENABLE_MODULES = YES;
				CLANG_ENABLE_OBJC_ARC = YES;
				CLANG_ENABLE_OBJC_WEAK = YES;
				CLANG_WARN_BLOCK_CAPTURE_AUTORELEASING = YES;
				CLANG_WARN_BOOL_CONVERSION = YES;
				CLANG_WARN_COMMA = YES;
				CLANG_WARN_CONSTANT_CONVERSION = YES;
				CLANG_WARN_DEPRECATED_OBJC_IMPLEMENTATIONS = YES;
				CLANG_WARN_DIRECT_OBJC_ISA_USAGE = YES_ERROR;
				CLANG_WARN_DOCUMENTATION_COMMENTS = YES;
				CLANG_WARN_EMPTY_BODY = YES;
				CLANG_WARN_ENUM_CONVERSION = YES;
				CLANG_WARN_INFINITE_RECURSION = YES;
				CLANG_WARN_INT_CONVERSION = YES;
				CLANG_WARN_NON_LITERAL_NULL_CONVERSION = YES;
				CLANG_WARN_OBJC_IMPLICIT_RETAIN_SELF = YES;
				CLANG_WARN_OBJC_LITERAL_CONVERSION = YES;
				CLANG_WARN_OBJC_ROOT_CLASS = YES_ERROR;
				CLANG_WARN_QUOTED_INCLUDE_IN_FRAMEWORK_HEADER = YES;
				CLANG_WARN_RANGE_LOOP_ANALYSIS = YES;
				CLANG_WARN_STRICT_PROTOTYPES = YES;
				CLANG_WARN_SUSPICIOUS_MOVE = YES;
				CLANG_WARN_UNGUARDED_AVAILABILITY = YES_AGGRESSIVE;
				CLANG_WARN_UNREACHABLE_CODE = YES;
				CLANG_WARN__DUPLICATE_METHOD_MATCH = YES;
				COPY_PHASE_STRIP = NO;
				DEBUG_INFORMATION_FORMAT = dwarf;
				ENABLE_STRICT_OBJC_MSGSEND = YES;
				ENABLE_TESTABILITY = YES;
				ENABLE_USER_SCRIPT_SANDBOXING = YES;
				GCC_C_LANGUAGE_STANDARD = gnu17;
				GCC_DYNAMIC_NO_PIC = NO;
				GCC_NO_COMMON_BLOCKS = YES;
				GCC_OPTIMIZATION_LEVEL = 0;
				GCC_PREPROCESSOR_DEFINITIONS = (
					"DEBUG=1",
					"$(inherited)",
				);
				GCC_WARN_64_TO_32_BIT_CONVERSION = YES;
				GCC_WARN_ABOUT_RETURN_TYPE = YES_ERROR;
				GCC_WARN_UNDECLARED_SELECTOR = YES;
				GCC_WARN_UNINITIALIZED_AUTOS = YES_AGGRESSIVE;
				GCC_WARN_UNUSED_FUNCTION = YES;
				GCC_WARN_UNUSED_VARIABLE = YES;
				IPHONEOS_DEPLOYMENT_TARGET = 17.0;
				LOCALIZATION_PREFERS_STRING_CATALOGS = YES;
				MTL_ENABLE_DEBUG_INFO = INCLUDE_SOURCE;
				MTL_FAST_MATH = YES;
				ONLY_ACTIVE_ARCH = YES;
				SDKROOT = iphoneos;
				SWIFT_ACTIVE_COMPILATION_CONDITIONS = "DEBUG $(inherited)";
				SWIFT_OPTIMIZATION_LEVEL = "-Onone";
			};
			name = Debug;
		};
		E8A9C2C82AE0033E00BD263A /* Release */ = {
			isa = XCBuildConfiguration;
			buildSettings = {
				ALWAYS_SEARCH_USER_PATHS = NO;
				ASSETCATALOG_COMPILER_GENERATE_SWIFT_ASSET_SYMBOL_EXTENSIONS = YES;
				CLANG_ANALYZER_NONNULL = YES;
				CLANG_ANALYZER_NUMBER_OBJECT_CONVERSION = YES_AGGRESSIVE;
				CLANG_CXX_LANGUAGE_STANDARD = "gnu++20";
				CLANG_ENABLE_MODULES = YES;
				CLANG_ENABLE_OBJC_ARC = YES;
				CLANG_ENABLE_OBJC_WEAK = YES;
				CLANG_WARN_BLOCK_CAPTURE_AUTORELEASING = YES;
				CLANG_WARN_BOOL_CONVERSION = YES;
				CLANG_WARN_COMMA = YES;
				CLANG_WARN_CONSTANT_CONVERSION = YES;
				CLANG_WARN_DEPRECATED_OBJC_IMPLEMENTATIONS = YES;
				CLANG_WARN_DIRECT_OBJC_ISA_USAGE = YES_ERROR;
				CLANG_WARN_DOCUMENTATION_COMMENTS = YES;
				CLANG_WARN_EMPTY_BODY = YES;
				CLANG_WARN_ENUM_CONVERSION = YES;
				CLANG_WARN_INFINITE_RECURSION = YES;
				CLANG_WARN_INT_CONVERSION = YES;
				CLANG_WARN_NON_LITERAL_NULL_CONVERSION = YES;
				CLANG_WARN_OBJC_IMPLICIT_RETAIN_SELF = YES;
				CLANG_WARN_OBJC_LITERAL_CONVERSION = YES;
				CLANG_WARN_OBJC_ROOT_CLASS = YES_ERROR;
				CLANG_WARN_QUOTED_INCLUDE_IN_FRAMEWORK_HEADER = YES;
				CLANG_WARN_RANGE_LOOP_ANALYSIS = YES;
				CLANG_WARN_STRICT_PROTOTYPES = YES;
				CLANG_WARN_SUSPICIOUS_MOVE = YES;
				CLANG_WARN_UNGUARDED_AVAILABILITY = YES_AGGRESSIVE;
				CLANG_WARN_UNREACHABLE_CODE = YES;
				CLANG_WARN__DUPLICATE_METHOD_MATCH = YES;
				COPY_PHASE_STRIP = NO;
				DEBUG_INFORMATION_FORMAT = "dwarf-with-dsym";
				ENABLE_NS_ASSERTIONS = NO;
				ENABLE_STRICT_OBJC_MSGSEND = YES;
				ENABLE_USER_SCRIPT_SANDBOXING = YES;
				GCC_C_LANGUAGE_STANDARD = gnu17;
				GCC_NO_COMMON_BLOCKS = YES;
				GCC_WARN_64_TO_32_BIT_CONVERSION = YES;
				GCC_WARN_ABOUT_RETURN_TYPE = YES_ERROR;
				GCC_WARN_UNDECLARED_SELECTOR = YES;
				GCC_WARN_UNINITIALIZED_AUTOS = YES_AGGRESSIVE;
				GCC_WARN_UNUSED_FUNCTION = YES;
				GCC_WARN_UNUSED_VARIABLE = YES;
				IPHONEOS_DEPLOYMENT_TARGET = 17.0;
				LOCALIZATION_PREFERS_STRING_CATALOGS = YES;
				MTL_ENABLE_DEBUG_INFO = NO;
				MTL_FAST_MATH = YES;
				SDKROOT = iphoneos;
				SWIFT_COMPILATION_MODE = wholemodule;
				VALIDATE_PRODUCT = YES;
			};
			name = Release;
		};
		E8A9C2CA2AE0033E00BD263A /* Debug */ = {
			isa = XCBuildConfiguration;
			baseConfigurationReference = 05D0728B9574DF72B55BCA14 /* Pods-ChargeFlix.debug.xcconfig */;
			buildSettings = {
				ASSETCATALOG_COMPILER_APPICON_NAME = AppIcon;
				ASSETCATALOG_COMPILER_GLOBAL_ACCENT_COLOR_NAME = AccentColor;
				CODE_SIGN_STYLE = Automatic;
				CURRENT_PROJECT_VERSION = 1;
				ENABLE_USER_SCRIPT_SANDBOXING = NO;
				GENERATE_INFOPLIST_FILE = YES;
				INFOPLIST_FILE = ChargeFlix/Info.plist;
				INFOPLIST_KEY_UIApplicationSupportsIndirectInputEvents = YES;
				INFOPLIST_KEY_UILaunchStoryboardName = LaunchScreen;
				INFOPLIST_KEY_UIMainStoryboardFile = Main;
				INFOPLIST_KEY_UISupportedInterfaceOrientations_iPad = "UIInterfaceOrientationPortrait UIInterfaceOrientationPortraitUpsideDown UIInterfaceOrientationLandscapeLeft UIInterfaceOrientationLandscapeRight";
				INFOPLIST_KEY_UISupportedInterfaceOrientations_iPhone = "UIInterfaceOrientationPortrait UIInterfaceOrientationLandscapeLeft UIInterfaceOrientationLandscapeRight";
				LD_RUNPATH_SEARCH_PATHS = (
					"$(inherited)",
					"@executable_path/Frameworks",
				);
				MARKETING_VERSION = 1.0;
				PRODUCT_BUNDLE_IDENTIFIER = com.Nothing.ChargeFlix;
				PRODUCT_NAME = "$(TARGET_NAME)";
				SWIFT_EMIT_LOC_STRINGS = YES;
				SWIFT_VERSION = 5.0;
				TARGETED_DEVICE_FAMILY = "1,2";
			};
			name = Debug;
		};
		E8A9C2CB2AE0033E00BD263A /* Release */ = {
			isa = XCBuildConfiguration;
			baseConfigurationReference = A7CBC22F2283A9E03C652804 /* Pods-ChargeFlix.release.xcconfig */;
			buildSettings = {
				ASSETCATALOG_COMPILER_APPICON_NAME = AppIcon;
				ASSETCATALOG_COMPILER_GLOBAL_ACCENT_COLOR_NAME = AccentColor;
				CODE_SIGN_STYLE = Automatic;
				CURRENT_PROJECT_VERSION = 1;
				ENABLE_USER_SCRIPT_SANDBOXING = YES;
				GENERATE_INFOPLIST_FILE = YES;
				INFOPLIST_FILE = ChargeFlix/Info.plist;
				INFOPLIST_KEY_UIApplicationSupportsIndirectInputEvents = YES;
				INFOPLIST_KEY_UILaunchStoryboardName = LaunchScreen;
				INFOPLIST_KEY_UIMainStoryboardFile = Main;
				INFOPLIST_KEY_UISupportedInterfaceOrientations_iPad = "UIInterfaceOrientationPortrait UIInterfaceOrientationPortraitUpsideDown UIInterfaceOrientationLandscapeLeft UIInterfaceOrientationLandscapeRight";
				INFOPLIST_KEY_UISupportedInterfaceOrientations_iPhone = "UIInterfaceOrientationPortrait UIInterfaceOrientationLandscapeLeft UIInterfaceOrientationLandscapeRight";
				LD_RUNPATH_SEARCH_PATHS = (
					"$(inherited)",
					"@executable_path/Frameworks",
				);
				MARKETING_VERSION = 1.0;
				PRODUCT_BUNDLE_IDENTIFIER = com.Nothing.ChargeFlix;
				PRODUCT_NAME = "$(TARGET_NAME)";
				SWIFT_EMIT_LOC_STRINGS = YES;
				SWIFT_VERSION = 5.0;
				TARGETED_DEVICE_FAMILY = "1,2";
			};
			name = Release;
		};
		E8A9C2CD2AE0033E00BD263A /* Debug */ = {
			isa = XCBuildConfiguration;
			baseConfigurationReference = 5E988F561A3BDCCCAFB32AA4 /* Pods-ChargeFlixTests.debug.xcconfig */;
			buildSettings = {
				ALWAYS_EMBED_SWIFT_STANDARD_LIBRARIES = YES;
				BUNDLE_LOADER = "$(TEST_HOST)";
				CODE_SIGN_STYLE = Automatic;
				CURRENT_PROJECT_VERSION = 1;
				GENERATE_INFOPLIST_FILE = YES;
				IPHONEOS_DEPLOYMENT_TARGET = 17.0;
				MARKETING_VERSION = 1.0;
				PRODUCT_BUNDLE_IDENTIFIER = com.Nothing.ChargeFlixTests;
				PRODUCT_NAME = "$(TARGET_NAME)";
				SWIFT_EMIT_LOC_STRINGS = NO;
				SWIFT_VERSION = 5.0;
				TARGETED_DEVICE_FAMILY = "1,2";
				TEST_HOST = "$(BUILT_PRODUCTS_DIR)/ChargeFlix.app/$(BUNDLE_EXECUTABLE_FOLDER_PATH)/ChargeFlix";
			};
			name = Debug;
		};
		E8A9C2CE2AE0033E00BD263A /* Release */ = {
			isa = XCBuildConfiguration;
			baseConfigurationReference = F52AD9E8D299BD32E3081038 /* Pods-ChargeFlixTests.release.xcconfig */;
			buildSettings = {
				ALWAYS_EMBED_SWIFT_STANDARD_LIBRARIES = YES;
				BUNDLE_LOADER = "$(TEST_HOST)";
				CODE_SIGN_STYLE = Automatic;
				CURRENT_PROJECT_VERSION = 1;
				GENERATE_INFOPLIST_FILE = YES;
				IPHONEOS_DEPLOYMENT_TARGET = 17.0;
				MARKETING_VERSION = 1.0;
				PRODUCT_BUNDLE_IDENTIFIER = com.Nothing.ChargeFlixTests;
				PRODUCT_NAME = "$(TARGET_NAME)";
				SWIFT_EMIT_LOC_STRINGS = NO;
				SWIFT_VERSION = 5.0;
				TARGETED_DEVICE_FAMILY = "1,2";
				TEST_HOST = "$(BUILT_PRODUCTS_DIR)/ChargeFlix.app/$(BUNDLE_EXECUTABLE_FOLDER_PATH)/ChargeFlix";
			};
			name = Release;
		};
		E8A9C2D02AE0033E00BD263A /* Debug */ = {
			isa = XCBuildConfiguration;
			baseConfigurationReference = 2D34B155EDCE3FD0B50B442F /* Pods-ChargeFlix-ChargeFlixUITests.debug.xcconfig */;
			buildSettings = {
				ALWAYS_EMBED_SWIFT_STANDARD_LIBRARIES = YES;
				CODE_SIGN_STYLE = Automatic;
				CURRENT_PROJECT_VERSION = 1;
				GENERATE_INFOPLIST_FILE = YES;
				MARKETING_VERSION = 1.0;
				PRODUCT_BUNDLE_IDENTIFIER = com.Nothing.ChargeFlixUITests;
				PRODUCT_NAME = "$(TARGET_NAME)";
				SWIFT_EMIT_LOC_STRINGS = NO;
				SWIFT_VERSION = 5.0;
				TARGETED_DEVICE_FAMILY = "1,2";
				TEST_TARGET_NAME = ChargeFlix;
			};
			name = Debug;
		};
		E8A9C2D12AE0033E00BD263A /* Release */ = {
			isa = XCBuildConfiguration;
			baseConfigurationReference = B3EA8E203B7262AD1AC767D4 /* Pods-ChargeFlix-ChargeFlixUITests.release.xcconfig */;
			buildSettings = {
				ALWAYS_EMBED_SWIFT_STANDARD_LIBRARIES = YES;
				CODE_SIGN_STYLE = Automatic;
				CURRENT_PROJECT_VERSION = 1;
				GENERATE_INFOPLIST_FILE = YES;
				MARKETING_VERSION = 1.0;
				PRODUCT_BUNDLE_IDENTIFIER = com.Nothing.ChargeFlixUITests;
				PRODUCT_NAME = "$(TARGET_NAME)";
				SWIFT_EMIT_LOC_STRINGS = NO;
				SWIFT_VERSION = 5.0;
				TARGETED_DEVICE_FAMILY = "1,2";
				TEST_TARGET_NAME = ChargeFlix;
			};
			name = Release;
		};
/* End XCBuildConfiguration section */

/* Begin XCConfigurationList section */
		E8A9C2972AE0033D00BD263A /* Build configuration list for PBXProject "ChargeFlix" */ = {
			isa = XCConfigurationList;
			buildConfigurations = (
				E8A9C2C72AE0033E00BD263A /* Debug */,
				E8A9C2C82AE0033E00BD263A /* Release */,
			);
			defaultConfigurationIsVisible = 0;
			defaultConfigurationName = Release;
		};
		E8A9C2C92AE0033E00BD263A /* Build configuration list for PBXNativeTarget "ChargeFlix" */ = {
			isa = XCConfigurationList;
			buildConfigurations = (
				E8A9C2CA2AE0033E00BD263A /* Debug */,
				E8A9C2CB2AE0033E00BD263A /* Release */,
			);
			defaultConfigurationIsVisible = 0;
			defaultConfigurationName = Release;
		};
		E8A9C2CC2AE0033E00BD263A /* Build configuration list for PBXNativeTarget "ChargeFlixTests" */ = {
			isa = XCConfigurationList;
			buildConfigurations = (
				E8A9C2CD2AE0033E00BD263A /* Debug */,
				E8A9C2CE2AE0033E00BD263A /* Release */,
			);
			defaultConfigurationIsVisible = 0;
			defaultConfigurationName = Release;
		};
		E8A9C2CF2AE0033E00BD263A /* Build configuration list for PBXNativeTarget "ChargeFlixUITests" */ = {
			isa = XCConfigurationList;
			buildConfigurations = (
				E8A9C2D02AE0033E00BD263A /* Debug */,
				E8A9C2D12AE0033E00BD263A /* Release */,
			);
			defaultConfigurationIsVisible = 0;
			defaultConfigurationName = Release;
		};
/* End XCConfigurationList section */

/* Begin XCVersionGroup section */
		E8A9C2A82AE0033D00BD263A /* ChargeFlix.xcdatamodeld */ = {
			isa = XCVersionGroup;
			children = (
				E8A9C2A92AE0033D00BD263A /* ChargeFlix.xcdatamodel */,
			);
			currentVersion = E8A9C2A92AE0033D00BD263A /* ChargeFlix.xcdatamodel */;
			path = ChargeFlix.xcdatamodeld;
			sourceTree = "<group>";
			versionGroupType = wrapper.xcdatamodel;
		};
/* End XCVersionGroup section */
	};
	rootObject = E8A9C2942AE0033D00BD263A /* Project object */;
}
